
Microsoft Visual Studio Solution File, Format Version 12.00
# Visual Studio Version 17
VisualStudioVersion = 17.14.36518.9 d17.14
MinimumVisualStudioVersion = 10.0.40219.1
Project("{FAE04EC0-301F-11D3-BF4B-00C04F79EFBC}") = "WorkdayCalendar.API", "WorkdayCalender.API\WorkdayCalendar.API.csproj", "{9A4B5240-4A65-42E1-B7BB-43452763837B}"
EndProject
Project("{FAE04EC0-301F-11D3-BF4B-00C04F79EFBC}") = "WorkdayCalendar.Test", "WorkdayCalendar.Test\WorkdayCalendar.Test.csproj", "{1443486B-909A-4026-BB4D-8D0B59C42663}"
EndProject
Global
	GlobalSection(SolutionConfigurationPlatforms) = preSolution
		Debug|Any CPU = Debug|Any CPU
		Release|Any CPU = Release|Any CPU
	EndGlobalSection
	GlobalSection(ProjectConfigurationPlatforms) = postSolution
		{9A4B5240-4A65-42E1-B7BB-43452763837B}.Debug|Any CPU.ActiveCfg = Debug|Any CPU
		{9A4B5240-4A65-42E1-B7BB-43452763837B}.Debug|Any CPU.Build.0 = Debug|Any CPU
		{9A4B5240-4A65-42E1-B7BB-43452763837B}.Release|Any CPU.ActiveCfg = Release|Any CPU
		{9A4B5240-4A65-42E1-B7BB-43452763837B}.Release|Any CPU.Build.0 = Release|Any CPU
		{1443486B-909A-4026-BB4D-8D0B59C42663}.Debug|Any CPU.ActiveCfg = Debug|Any CPU
		{1443486B-909A-4026-BB4D-8D0B59C42663}.Debug|Any CPU.Build.0 = Debug|Any CPU
		{1443486B-909A-4026-BB4D-8D0B59C42663}.Release|Any CPU.ActiveCfg = Release|Any CPU
		{1443486B-909A-4026-BB4D-8D0B59C42663}.Release|Any CPU.Build.0 = Release|Any CPU
	EndGlobalSection
	GlobalSection(SolutionProperties) = preSolution
		HideSolutionNode = FALSE
	EndGlobalSection
	GlobalSection(ExtensibilityGlobals) = postSolution
		SolutionGuid = {FAE2C455-619A-4850-960E-740803DBAEF5}
	EndGlobalSection
EndGlobal
